
Microsoft Visual Studio Solution File, Format Version 12.00
# Visual Studio Version 17
VisualStudioVersion = 17.9.34622.214
MinimumVisualStudioVersion = 10.0.40219.1
Project("{FAE04EC0-301F-11D3-BF4B-00C04F79EFBC}") = "KolayIK.Api", "KolayIK.Api\KolayIK.Api.csproj", "{56370190-B927-44D4-B490-E2A252046803}"
EndProject
Project("{FAE04EC0-301F-11D3-BF4B-00C04F79EFBC}") = "KolayIK.Data", "KolayIK.Data\KolayIK.Data.csproj", "{2FA47167-707F-4A94-BD9B-9218A14FC914}"
EndProject
Project("{FAE04EC0-301F-11D3-BF4B-00C04F79EFBC}") = "KolayIK.Core", "KolayIK.Core\KolayIK.Core.csproj", "{676D0971-2817-47AC-B972-2043CF9C67E8}"
EndProject
Project("{FAE04EC0-301F-11D3-BF4B-00C04F79EFBC}") = "KolayIK.Services", "KolayIK.Services\KolayIK.Services.csproj", "{D09BA91E-9133-445F-8D73-A52B9E81D3A1}"
EndProject
Global
	GlobalSection(SolutionConfigurationPlatforms) = preSolution
		Debug|Any CPU = Debug|Any CPU
		Release|Any CPU = Release|Any CPU
	EndGlobalSection
	GlobalSection(ProjectConfigurationPlatforms) = postSolution
		{56370190-B927-44D4-B490-E2A252046803}.Debug|Any CPU.ActiveCfg = Debug|Any CPU
		{56370190-B927-44D4-B490-E2A252046803}.Debug|Any CPU.Build.0 = Debug|Any CPU
		{56370190-B927-44D4-B490-E2A252046803}.Release|Any CPU.ActiveCfg = Release|Any CPU
		{56370190-B927-44D4-B490-E2A252046803}.Release|Any CPU.Build.0 = Release|Any CPU
		{2FA47167-707F-4A94-BD9B-9218A14FC914}.Debug|Any CPU.ActiveCfg = Debug|Any CPU
		{2FA47167-707F-4A94-BD9B-9218A14FC914}.Debug|Any CPU.Build.0 = Debug|Any CPU
		{2FA47167-707F-4A94-BD9B-9218A14FC914}.Release|Any CPU.ActiveCfg = Release|Any CPU
		{2FA47167-707F-4A94-BD9B-9218A14FC914}.Release|Any CPU.Build.0 = Release|Any CPU
		{676D0971-2817-47AC-B972-2043CF9C67E8}.Debug|Any CPU.ActiveCfg = Debug|Any CPU
		{676D0971-2817-47AC-B972-2043CF9C67E8}.Debug|Any CPU.Build.0 = Debug|Any CPU
		{676D0971-2817-47AC-B972-2043CF9C67E8}.Release|Any CPU.ActiveCfg = Release|Any CPU
		{676D0971-2817-47AC-B972-2043CF9C67E8}.Release|Any CPU.Build.0 = Release|Any CPU
		{D09BA91E-9133-445F-8D73-A52B9E81D3A1}.Debug|Any CPU.ActiveCfg = Debug|Any CPU
		{D09BA91E-9133-445F-8D73-A52B9E81D3A1}.Debug|Any CPU.Build.0 = Debug|Any CPU
		{D09BA91E-9133-445F-8D73-A52B9E81D3A1}.Release|Any CPU.ActiveCfg = Release|Any CPU
		{D09BA91E-9133-445F-8D73-A52B9E81D3A1}.Release|Any CPU.Build.0 = Release|Any CPU
	EndGlobalSection
	GlobalSection(SolutionProperties) = preSolution
		HideSolutionNode = FALSE
	EndGlobalSection
	GlobalSection(ExtensibilityGlobals) = postSolution
		SolutionGuid = {ED0DD6C5-0E61-440B-9F8E-D2454837247D}
	EndGlobalSection
EndGlobal
